
Microsoft Visual Studio Solution File, Format Version 12.00
# Visual Studio Version 17
VisualStudioVersion = 17.11.35327.3
MinimumVisualStudioVersion = 10.0.40219.1
Project("{FAE04EC0-301F-11D3-BF4B-00C04F79EFBC}") = "Simple Calcu", "Simple Calcu\Simple Calcu.csproj", "{6A365156-861C-4F1E-A7B2-93AA8375E605}"
EndProject
Global
	GlobalSection(SolutionConfigurationPlatforms) = preSolution
		Debug|Any CPU = Debug|Any CPU
		Release|Any CPU = Release|Any CPU
	EndGlobalSection
	GlobalSection(ProjectConfigurationPlatforms) = postSolution
		{6A365156-861C-4F1E-A7B2-93AA8375E605}.Debug|Any CPU.ActiveCfg = Debug|Any CPU
		{6A365156-861C-4F1E-A7B2-93AA8375E605}.Debug|Any CPU.Build.0 = Debug|Any CPU
		{6A365156-861C-4F1E-A7B2-93AA8375E605}.Release|Any CPU.ActiveCfg = Release|Any CPU
		{6A365156-861C-4F1E-A7B2-93AA8375E605}.Release|Any CPU.Build.0 = Release|Any CPU
	EndGlobalSection
	GlobalSection(SolutionProperties) = preSolution
		HideSolutionNode = FALSE
	EndGlobalSection
	GlobalSection(ExtensibilityGlobals) = postSolution
		SolutionGuid = {83060A6C-F253-4F92-8A8D-607B6BC7938B}
	EndGlobalSection
EndGlobal
